
Microsoft Visual Studio Solution File, Format Version 12.00
# Visual Studio Version 16
VisualStudioVersion = 16.0.29418.71
MinimumVisualStudioVersion = 10.0.40219.1
Project("{FAE04EC0-301F-11D3-BF4B-00C04F79EFBC}") = "devjammer", "devjammer.csproj", "{37FCFF70-EB57-4C7C-BB54-8972F01D31E4}"
EndProject
Project("{2150E333-8FDC-42A3-9474-1A3956D46DE8}") = "Solution Items", "Solution Items", "{2C007B58-FF05-48A8-AE30-AE338DB41E66}"
EndProject
Global
	GlobalSection(SolutionConfigurationPlatforms) = preSolution
		Debug|Any CPU = Debug|Any CPU
		Debug|x64 = Debug|x64
		Debug|x86 = Debug|x86
		Release|Any CPU = Release|Any CPU
		Release|x64 = Release|x64
		Release|x86 = Release|x86
	EndGlobalSection
	GlobalSection(ProjectConfigurationPlatforms) = postSolution
		{37FCFF70-EB57-4C7C-BB54-8972F01D31E4}.Debug|Any CPU.ActiveCfg = Debug|Any CPU
		{37FCFF70-EB57-4C7C-BB54-8972F01D31E4}.Debug|Any CPU.Build.0 = Debug|Any CPU
		{37FCFF70-EB57-4C7C-BB54-8972F01D31E4}.Debug|x64.ActiveCfg = Debug|x64
		{37FCFF70-EB57-4C7C-BB54-8972F01D31E4}.Debug|x64.Build.0 = Debug|x64
		{37FCFF70-EB57-4C7C-BB54-8972F01D31E4}.Debug|x86.ActiveCfg = Debug|x86
		{37FCFF70-EB57-4C7C-BB54-8972F01D31E4}.Debug|x86.Build.0 = Debug|x86
		{37FCFF70-EB57-4C7C-BB54-8972F01D31E4}.Release|Any CPU.ActiveCfg = Release|Any CPU
		{37FCFF70-EB57-4C7C-BB54-8972F01D31E4}.Release|Any CPU.Build.0 = Release|Any CPU
		{37FCFF70-EB57-4C7C-BB54-8972F01D31E4}.Release|x64.ActiveCfg = Release|x64
		{37FCFF70-EB57-4C7C-BB54-8972F01D31E4}.Release|x64.Build.0 = Release|x64
		{37FCFF70-EB57-4C7C-BB54-8972F01D31E4}.Release|x86.ActiveCfg = Release|x86
		{37FCFF70-EB57-4C7C-BB54-8972F01D31E4}.Release|x86.Build.0 = Release|x86
	EndGlobalSection
	GlobalSection(SolutionProperties) = preSolution
		HideSolutionNode = FALSE
	EndGlobalSection
	GlobalSection(ExtensibilityGlobals) = postSolution
		SolutionGuid = {05DD6AAC-DACA-4DF1-87E9-F8B8348AEFA7}
	EndGlobalSection
EndGlobal
